# This file is autogenerated, do not edit; changes may be undone by the next 'dep ensure'.


[[projects]]
  name = "github.com/aws/aws-lambda-go"
  packages = [
    "events",
    "lambda",
    "lambda/messages",
    "lambdacontext"
  ]
  revision = "6e2e37798efbb1dfd8e9c6681702e683a6046517"
  version = "v1.0.1"

[[projects]]
  branch = "master"
  name = "github.com/hexoul/eth-rpc-on-aws-lambda"
  packages = [
    "test/json",
    "test/web3"
  ]
  revision = "d779e0f82c9070b3c1766f8843864a8083eacdb0"

[solve-meta]
  analyzer-name = "dep"
  analyzer-version = 1
  inputs-digest = "8f45ab104415f7df4a2ccc8572da9ec0bb9422e14a0724fc64297c42e343175c"
  solver-name = "gps-cdcl"
  solver-version = 1
